
Microsoft Visual Studio Solution File, Format Version 12.00
# Visual Studio Version 16
VisualStudioVersion = 16.0.33529.622
MinimumVisualStudioVersion = 10.0.40219.1
Project("{8BC9CEB8-8B4A-11D0-8D11-00A0C91BC942}") = "engine", "locomotive-engine\engine\engine.vcxproj", "{56A69C31-F7B1-4DCB-ADA6-7C6D7D4BA33E}"
EndProject
Project("{8BC9CEB8-8B4A-11D0-8D11-00A0C91BC942}") = "train-game", "train-game\train-game.vcxproj", "{4F7D0705-D033-4C7E-ACC3-0D7A8F1D485A}"
EndProject
Global
	GlobalSection(SolutionConfigurationPlatforms) = preSolution
		Debug|x64 = Debug|x64
		Debug|x86 = Debug|x86
		Release|x64 = Release|x64
		Release|x86 = Release|x86
	EndGlobalSection
	GlobalSection(ProjectConfigurationPlatforms) = postSolution
		{56A69C31-F7B1-4DCB-ADA6-7C6D7D4BA33E}.Debug|x64.ActiveCfg = Debug|x64
		{56A69C31-F7B1-4DCB-ADA6-7C6D7D4BA33E}.Debug|x64.Build.0 = Debug|x64
		{56A69C31-F7B1-4DCB-ADA6-7C6D7D4BA33E}.Debug|x86.ActiveCfg = Debug|Win32
		{56A69C31-F7B1-4DCB-ADA6-7C6D7D4BA33E}.Debug|x86.Build.0 = Debug|Win32
		{56A69C31-F7B1-4DCB-ADA6-7C6D7D4BA33E}.Release|x64.ActiveCfg = Release|x64
		{56A69C31-F7B1-4DCB-ADA6-7C6D7D4BA33E}.Release|x64.Build.0 = Release|x64
		{56A69C31-F7B1-4DCB-ADA6-7C6D7D4BA33E}.Release|x86.ActiveCfg = Release|Win32
		{56A69C31-F7B1-4DCB-ADA6-7C6D7D4BA33E}.Release|x86.Build.0 = Release|Win32
		{4F7D0705-D033-4C7E-ACC3-0D7A8F1D485A}.Debug|x64.ActiveCfg = Debug|x64
		{4F7D0705-D033-4C7E-ACC3-0D7A8F1D485A}.Debug|x64.Build.0 = Debug|x64
		{4F7D0705-D033-4C7E-ACC3-0D7A8F1D485A}.Debug|x86.ActiveCfg = Debug|Win32
		{4F7D0705-D033-4C7E-ACC3-0D7A8F1D485A}.Debug|x86.Build.0 = Debug|Win32
		{4F7D0705-D033-4C7E-ACC3-0D7A8F1D485A}.Release|x64.ActiveCfg = Release|x64
		{4F7D0705-D033-4C7E-ACC3-0D7A8F1D485A}.Release|x64.Build.0 = Release|x64
		{4F7D0705-D033-4C7E-ACC3-0D7A8F1D485A}.Release|x86.ActiveCfg = Release|Win32
		{4F7D0705-D033-4C7E-ACC3-0D7A8F1D485A}.Release|x86.Build.0 = Release|Win32
	EndGlobalSection
	GlobalSection(SolutionProperties) = preSolution
		HideSolutionNode = FALSE
	EndGlobalSection
	GlobalSection(ExtensibilityGlobals) = postSolution
		SolutionGuid = {DC333822-9348-452E-8470-158221CD42CF}
	EndGlobalSection
EndGlobal
